
Microsoft Visual Studio Solution File, Format Version 12.00
# Visual Studio Version 17
VisualStudioVersion = 17.7.34024.191
MinimumVisualStudioVersion = 10.0.40219.1
Project("{FAE04EC0-301F-11D3-BF4B-00C04F79EFBC}") = "JobApplicationTracker.Api", "JobApplicationTracker.Api.csproj", "{AA08F563-EDA2-40E8-A386-A10ACB6EC4A4}"
EndProject
Global
	GlobalSection(SolutionConfigurationPlatforms) = preSolution
		Debug|Any CPU = Debug|Any CPU
		Release|Any CPU = Release|Any CPU
	EndGlobalSection
	GlobalSection(ProjectConfigurationPlatforms) = postSolution
		{AA08F563-EDA2-40E8-A386-A10ACB6EC4A4}.Debug|Any CPU.ActiveCfg = Debug|Any CPU
		{AA08F563-EDA2-40E8-A386-A10ACB6EC4A4}.Debug|Any CPU.Build.0 = Debug|Any CPU
		{AA08F563-EDA2-40E8-A386-A10ACB6EC4A4}.Release|Any CPU.ActiveCfg = Release|Any CPU
		{AA08F563-EDA2-40E8-A386-A10ACB6EC4A4}.Release|Any CPU.Build.0 = Release|Any CPU
	EndGlobalSection
	GlobalSection(SolutionProperties) = preSolution
		HideSolutionNode = FALSE
	EndGlobalSection
	GlobalSection(ExtensibilityGlobals) = postSolution
		SolutionGuid = {F9A3E6C0-ABC3-479B-81DF-897BB2548EA9}
	EndGlobalSection
EndGlobal
